
Microsoft Visual Studio Solution File, Format Version 12.00
# Visual Studio Version 17
VisualStudioVersion = 17.13.35919.96
MinimumVisualStudioVersion = 10.0.40219.1
Project("{9A19103F-16F7-4668-BE54-9A1E7A4F7556}") = "Lession04", "Lession04\Lession04.csproj", "{CEEF74C5-932A-4192-BDC7-D7037B998D3E}"
EndProject
Project("{9A19103F-16F7-4668-BE54-9A1E7A4F7556}") = "HocRazor", "HocRazor\HocRazor.csproj", "{F2885E36-BECA-40EC-AFF5-33A970682726}"
EndProject
Project("{9A19103F-16F7-4668-BE54-9A1E7A4F7556}") = "HocTagHelper", "HocTagHelper\HocTagHelper.csproj", "{8647B8C1-811D-452E-B223-8BBFE1A3B1B5}"
EndProject
Project("{9A19103F-16F7-4668-BE54-9A1E7A4F7556}") = "HocDataTransfer", "HocDataTransfer\HocDataTransfer.csproj", "{C63A0EB9-C525-4DE0-B552-ED51C931F90E}"
EndProject
Project("{FAE04EC0-301F-11D3-BF4B-00C04F79EFBC}") = "HocValidation", "HocValidation\HocValidation.csproj", "{94D42CF4-ED40-4D62-B9E3-438CF7BD193F}"
EndProject
Global
	GlobalSection(SolutionConfigurationPlatforms) = preSolution
		Debug|Any CPU = Debug|Any CPU
		Release|Any CPU = Release|Any CPU
	EndGlobalSection
	GlobalSection(ProjectConfigurationPlatforms) = postSolution
		{CEEF74C5-932A-4192-BDC7-D7037B998D3E}.Debug|Any CPU.ActiveCfg = Debug|Any CPU
		{CEEF74C5-932A-4192-BDC7-D7037B998D3E}.Debug|Any CPU.Build.0 = Debug|Any CPU
		{CEEF74C5-932A-4192-BDC7-D7037B998D3E}.Release|Any CPU.ActiveCfg = Release|Any CPU
		{CEEF74C5-932A-4192-BDC7-D7037B998D3E}.Release|Any CPU.Build.0 = Release|Any CPU
		{F2885E36-BECA-40EC-AFF5-33A970682726}.Debug|Any CPU.ActiveCfg = Debug|Any CPU
		{F2885E36-BECA-40EC-AFF5-33A970682726}.Debug|Any CPU.Build.0 = Debug|Any CPU
		{F2885E36-BECA-40EC-AFF5-33A970682726}.Release|Any CPU.ActiveCfg = Release|Any CPU
		{F2885E36-BECA-40EC-AFF5-33A970682726}.Release|Any CPU.Build.0 = Release|Any CPU
		{8647B8C1-811D-452E-B223-8BBFE1A3B1B5}.Debug|Any CPU.ActiveCfg = Debug|Any CPU
		{8647B8C1-811D-452E-B223-8BBFE1A3B1B5}.Debug|Any CPU.Build.0 = Debug|Any CPU
		{8647B8C1-811D-452E-B223-8BBFE1A3B1B5}.Release|Any CPU.ActiveCfg = Release|Any CPU
		{8647B8C1-811D-452E-B223-8BBFE1A3B1B5}.Release|Any CPU.Build.0 = Release|Any CPU
		{C63A0EB9-C525-4DE0-B552-ED51C931F90E}.Debug|Any CPU.ActiveCfg = Debug|Any CPU
		{C63A0EB9-C525-4DE0-B552-ED51C931F90E}.Debug|Any CPU.Build.0 = Debug|Any CPU
		{C63A0EB9-C525-4DE0-B552-ED51C931F90E}.Release|Any CPU.ActiveCfg = Release|Any CPU
		{C63A0EB9-C525-4DE0-B552-ED51C931F90E}.Release|Any CPU.Build.0 = Release|Any CPU
		{94D42CF4-ED40-4D62-B9E3-438CF7BD193F}.Debug|Any CPU.ActiveCfg = Debug|Any CPU
		{94D42CF4-ED40-4D62-B9E3-438CF7BD193F}.Debug|Any CPU.Build.0 = Debug|Any CPU
		{94D42CF4-ED40-4D62-B9E3-438CF7BD193F}.Release|Any CPU.ActiveCfg = Release|Any CPU
		{94D42CF4-ED40-4D62-B9E3-438CF7BD193F}.Release|Any CPU.Build.0 = Release|Any CPU
	EndGlobalSection
	GlobalSection(SolutionProperties) = preSolution
		HideSolutionNode = FALSE
	EndGlobalSection
	GlobalSection(ExtensibilityGlobals) = postSolution
		SolutionGuid = {A3A9E988-1759-44BB-A1D8-D7479BE7ED2D}
	EndGlobalSection
EndGlobal
