
Microsoft Visual Studio Solution File, Format Version 12.00
# Visual Studio Version 17
VisualStudioVersion = 17.2.32630.192
MinimumVisualStudioVersion = 10.0.40219.1
Project("{FAE04EC0-301F-11D3-BF4B-00C04F79EFBC}") = "DatabaseFirst", "DatabaseFirst\DatabaseFirst.csproj", "{03E20B2E-DEFB-4AA1-B912-313E9313CE98}"
EndProject
Project("{FAE04EC0-301F-11D3-BF4B-00C04F79EFBC}") = "CodeFirst", "CodeFirst\CodeFirst.csproj", "{72029777-274B-4C97-8808-EF184D2F76B3}"
EndProject
Global
	GlobalSection(SolutionConfigurationPlatforms) = preSolution
		Debug|Any CPU = Debug|Any CPU
		Release|Any CPU = Release|Any CPU
	EndGlobalSection
	GlobalSection(ProjectConfigurationPlatforms) = postSolution
		{03E20B2E-DEFB-4AA1-B912-313E9313CE98}.Debug|Any CPU.ActiveCfg = Debug|Any CPU
		{03E20B2E-DEFB-4AA1-B912-313E9313CE98}.Debug|Any CPU.Build.0 = Debug|Any CPU
		{03E20B2E-DEFB-4AA1-B912-313E9313CE98}.Release|Any CPU.ActiveCfg = Release|Any CPU
		{03E20B2E-DEFB-4AA1-B912-313E9313CE98}.Release|Any CPU.Build.0 = Release|Any CPU
		{72029777-274B-4C97-8808-EF184D2F76B3}.Debug|Any CPU.ActiveCfg = Debug|Any CPU
		{72029777-274B-4C97-8808-EF184D2F76B3}.Debug|Any CPU.Build.0 = Debug|Any CPU
		{72029777-274B-4C97-8808-EF184D2F76B3}.Release|Any CPU.ActiveCfg = Release|Any CPU
		{72029777-274B-4C97-8808-EF184D2F76B3}.Release|Any CPU.Build.0 = Release|Any CPU
	EndGlobalSection
	GlobalSection(SolutionProperties) = preSolution
		HideSolutionNode = FALSE
	EndGlobalSection
	GlobalSection(ExtensibilityGlobals) = postSolution
		SolutionGuid = {5D3F16FD-B911-471D-B65B-BF547F4E68A5}
	EndGlobalSection
EndGlobal
