
Microsoft Visual Studio Solution File, Format Version 12.00
# Visual Studio Version 17
VisualStudioVersion = 17.2.32630.192
MinimumVisualStudioVersion = 10.0.40219.1
Project("{FAE04EC0-301F-11D3-BF4B-00C04F79EFBC}") = "HocLINQ", "HocLINQ\HocLINQ.csproj", "{47328E05-3759-44F4-99AE-6A278972969D}"
EndProject
Global
	GlobalSection(SolutionConfigurationPlatforms) = preSolution
		Debug|Any CPU = Debug|Any CPU
		Release|Any CPU = Release|Any CPU
	EndGlobalSection
	GlobalSection(ProjectConfigurationPlatforms) = postSolution
		{47328E05-3759-44F4-99AE-6A278972969D}.Debug|Any CPU.ActiveCfg = Debug|Any CPU
		{47328E05-3759-44F4-99AE-6A278972969D}.Debug|Any CPU.Build.0 = Debug|Any CPU
		{47328E05-3759-44F4-99AE-6A278972969D}.Release|Any CPU.ActiveCfg = Release|Any CPU
		{47328E05-3759-44F4-99AE-6A278972969D}.Release|Any CPU.Build.0 = Release|Any CPU
	EndGlobalSection
	GlobalSection(SolutionProperties) = preSolution
		HideSolutionNode = FALSE
	EndGlobalSection
	GlobalSection(ExtensibilityGlobals) = postSolution
		SolutionGuid = {0575E374-F98B-4215-A600-6A44CE4D720A}
	EndGlobalSection
EndGlobal
